
Microsoft Visual Studio Solution File, Format Version 12.00
# Visual Studio Version 16
VisualStudioVersion = 16.0.810.25
MinimumVisualStudioVersion = 10.0.40219.1
Project("{FAE04EC0-301F-11D3-BF4B-00C04F79EFBC}") = "CalculatorProgram", "CalculatorProgram\CalculatorProgram.csproj", "{4935D663-750C-4EA0-B29E-7CBB5A4BB45D}"
EndProject
Global
	GlobalSection(SolutionConfigurationPlatforms) = preSolution
		Debug|Any CPU = Debug|Any CPU
		Release|Any CPU = Release|Any CPU
	EndGlobalSection
	GlobalSection(ProjectConfigurationPlatforms) = postSolution
		{4935D663-750C-4EA0-B29E-7CBB5A4BB45D}.Debug|Any CPU.ActiveCfg = Debug|Any CPU
		{4935D663-750C-4EA0-B29E-7CBB5A4BB45D}.Debug|Any CPU.Build.0 = Debug|Any CPU
		{4935D663-750C-4EA0-B29E-7CBB5A4BB45D}.Release|Any CPU.ActiveCfg = Release|Any CPU
		{4935D663-750C-4EA0-B29E-7CBB5A4BB45D}.Release|Any CPU.Build.0 = Release|Any CPU
	EndGlobalSection
	GlobalSection(SolutionProperties) = preSolution
		HideSolutionNode = FALSE
	EndGlobalSection
	GlobalSection(ExtensibilityGlobals) = postSolution
		SolutionGuid = {CBB8FFDE-65C6-485C-9EA5-D2BC4C905D28}
	EndGlobalSection
EndGlobal
